// !$*UTF8*$!
{
	archiveVersion = 1;
	classes = {
	};
	objectVersion = 56;
	objects = {

/* Begin PBXBuildFile section */
		984F45142A62CDFF00DE8877 /* ChessApp.swift in Sources */ = {isa = PBXBuildFile; fileRef = 984F45132A62CDFF00DE8877 /* ChessApp.swift */; };
		984F45162A62CDFF00DE8877 /* ContentView.swift in Sources */ = {isa = PBXBuildFile; fileRef = 984F45152A62CDFF00DE8877 /* ContentView.swift */; };
		984F45182A62CE0100DE8877 /* Assets.xcassets in Resources */ = {isa = PBXBuildFile; fileRef = 984F45172A62CE0100DE8877 /* Assets.xcassets */; };
		984F451B2A62CE0100DE8877 /* Preview Assets.xcassets in Resources */ = {isa = PBXBuildFile; fileRef = 984F451A2A62CE0100DE8877 /* Preview Assets.xcassets */; };
		984F45262A62CE0100DE8877 /* ChessTests.swift in Sources */ = {isa = PBXBuildFile; fileRef = 984F45252A62CE0100DE8877 /* ChessTests.swift */; };
		984F45302A62CE0100DE8877 /* ChessUITests.swift in Sources */ = {isa = PBXBuildFile; fileRef = 984F452F2A62CE0100DE8877 /* ChessUITests.swift */; };
		984F45322A62CE0100DE8877 /* ChessUITestsLaunchTests.swift in Sources */ = {isa = PBXBuildFile; fileRef = 984F45312A62CE0100DE8877 /* ChessUITestsLaunchTests.swift */; };
/* End PBXBuildFile section */

/* Begin PBXContainerItemProxy section */
		984F45222A62CE0100DE8877 /* PBXContainerItemProxy */ = {
			isa = PBXContainerItemProxy;
			containerPortal = 984F45082A62CDFF00DE8877 /* Project object */;
			proxyType = 1;
			remoteGlobalIDString = 984F450F2A62CDFF00DE8877;
			remoteInfo = Chess;
		};
		984F452C2A62CE0100DE8877 /* PBXContainerItemProxy */ = {
			isa = PBXContainerItemProxy;
			containerPortal = 984F45082A62CDFF00DE8877 /* Project object */;
			proxyType = 1;
			remoteGlobalIDString = 984F450F2A62CDFF00DE8877;
			remoteInfo = Chess;
		};
/* End PBXContainerItemProxy section */

/* Begin PBXFileReference section */
		984F45102A62CDFF00DE8877 /* Chess.app */ = {isa = PBXFileReference; explicitFileType = wrapper.application; includeInIndex = 0; path = Chess.app; sourceTree = BUILT_PRODUCTS_DIR; };
		984F45132A62CDFF00DE8877 /* ChessApp.swift */ = {isa = PBXFileReference; lastKnownFileType = sourcecode.swift; path = ChessApp.swift; sourceTree = "<group>"; };
		984F45152A62CDFF00DE8877 /* ContentView.swift */ = {isa = PBXFileReference; lastKnownFileType = sourcecode.swift; path = ContentView.swift; sourceTree = "<group>"; };
		984F45172A62CE0100DE8877 /* Assets.xcassets */ = {isa = PBXFileReference; lastKnownFileType = folder.assetcatalog; path = Assets.xcassets; sourceTree = "<group>"; };
		984F451A2A62CE0100DE8877 /* Preview Assets.xcassets */ = {isa = PBXFileReference; lastKnownFileType = folder.assetcatalog; path = "Preview Assets.xcassets"; sourceTree = "<group>"; };
		984F451C2A62CE0100DE8877 /* Chess.entitlements */ = {isa = PBXFileReference; lastKnownFileType = text.plist.entitlements; path = Chess.entitlements; sourceTree = "<group>"; };
		984F45212A62CE0100DE8877 /* ChessTests.xctest */ = {isa = PBXFileReference; explicitFileType = wrapper.cfbundle; includeInIndex = 0; path = ChessTests.xctest; sourceTree = BUILT_PRODUCTS_DIR; };
		984F45252A62CE0100DE8877 /* ChessTests.swift */ = {isa = PBXFileReference; lastKnownFileType = sourcecode.swift; path = ChessTests.swift; sourceTree = "<group>"; };
		984F452B2A62CE0100DE8877 /* ChessUITests.xctest */ = {isa = PBXFileReference; explicitFileType = wrapper.cfbundle; includeInIndex = 0; path = ChessUITests.xctest; sourceTree = BUILT_PRODUCTS_DIR; };
		984F452F2A62CE0100DE8877 /* ChessUITests.swift */ = {isa = PBXFileReference; lastKnownFileType = sourcecode.swift; path = ChessUITests.swift; sourceTree = "<group>"; };
		984F45312A62CE0100DE8877 /* ChessUITestsLaunchTests.swift */ = {isa = PBXFileReference; lastKnownFileType = sourcecode.swift; path = ChessUITestsLaunchTests.swift; sourceTree = "<group>"; };
/* End PBXFileReference section */

/* Begin PBXFrameworksBuildPhase section */
		984F450D2A62CDFF00DE8877 /* Frameworks */ = {
			isa = PBXFrameworksBuildPhase;
			buildActionMask = 2147483647;
			files = (
			);
			runOnlyForDeploymentPostprocessing = 0;
		};
		984F451E2A62CE0100DE8877 /* Frameworks */ = {
			isa = PBXFrameworksBuildPhase;
			buildActionMask = 2147483647;
			files = (
			);
			runOnlyForDeploymentPostprocessing = 0;
		};
		984F45282A62CE0100DE8877 /* Frameworks */ = {
			isa = PBXFrameworksBuildPhase;
			buildActionMask = 2147483647;
			files = (
			);
			runOnlyForDeploymentPostprocessing = 0;
		};
/* End PBXFrameworksBuildPhase section */

/* Begin PBXGroup section */
		984F45072A62CDFF00DE8877 = {
			isa = PBXGroup;
			children = (
				984F45122A62CDFF00DE8877 /* Chess */,
				984F45242A62CE0100DE8877 /* ChessTests */,
				984F452E2A62CE0100DE8877 /* ChessUITests */,
				984F45112A62CDFF00DE8877 /* Products */,
			);
			sourceTree = "<group>";
		};
		984F45112A62CDFF00DE8877 /* Products */ = {
			isa = PBXGroup;
			children = (
				984F45102A62CDFF00DE8877 /* Chess.app */,
				984F45212A62CE0100DE8877 /* ChessTests.xctest */,
				984F452B2A62CE0100DE8877 /* ChessUITests.xctest */,
			);
			name = Products;
			sourceTree = "<group>";
		};
		984F45122A62CDFF00DE8877 /* Chess */ = {
			isa = PBXGroup;
			children = (
				984F45132A62CDFF00DE8877 /* ChessApp.swift */,
				984F45152A62CDFF00DE8877 /* ContentView.swift */,
				984F45172A62CE0100DE8877 /* Assets.xcassets */,
				984F451C2A62CE0100DE8877 /* Chess.entitlements */,
				984F45192A62CE0100DE8877 /* Preview Content */,
			);
			path = Chess;
			sourceTree = "<group>";
		};
		984F45192A62CE0100DE8877 /* Preview Content */ = {
			isa = PBXGroup;
			children = (
				984F451A2A62CE0100DE8877 /* Preview Assets.xcassets */,
			);
			path = "Preview Content";
			sourceTree = "<group>";
		};
		984F45242A62CE0100DE8877 /* ChessTests */ = {
			isa = PBXGroup;
			children = (
				984F45252A62CE0100DE8877 /* ChessTests.swift */,
			);
			path = ChessTests;
			sourceTree = "<group>";
		};
		984F452E2A62CE0100DE8877 /* ChessUITests */ = {
			isa = PBXGroup;
			children = (
				984F452F2A62CE0100DE8877 /* ChessUITests.swift */,
				984F45312A62CE0100DE8877 /* ChessUITestsLaunchTests.swift */,
			);
			path = ChessUITests;
			sourceTree = "<group>";
		};
/* End PBXGroup section */

/* Begin PBXNativeTarget section */
		984F450F2A62CDFF00DE8877 /* Chess */ = {
			isa = PBXNativeTarget;
			buildConfigurationList = 984F45352A62CE0100DE8877 /* Build configuration list for PBXNativeTarget "Chess" */;
			buildPhases = (
				984F450C2A62CDFF00DE8877 /* Sources */,
				984F450D2A62CDFF00DE8877 /* Frameworks */,
				984F450E2A62CDFF00DE8877 /* Resources */,
			);
			buildRules = (
			);
			dependencies = (
			);
			name = Chess;
			productName = Chess;
			productReference = 984F45102A62CDFF00DE8877 /* Chess.app */;
			productType = "com.apple.product-type.application";
		};
		984F45202A62CE0100DE8877 /* ChessTests */ = {
			isa = PBXNativeTarget;
			buildConfigurationList = 984F45382A62CE0100DE8877 /* Build configuration list for PBXNativeTarget "ChessTests" */;
			buildPhases = (
				984F451D2A62CE0100DE8877 /* Sources */,
				984F451E2A62CE0100DE8877 /* Frameworks */,
				984F451F2A62CE0100DE8877 /* Resources */,
			);
			buildRules = (
			);
			dependencies = (
				984F45232A62CE0100DE8877 /* PBXTargetDependency */,
			);
			name = ChessTests;
			productName = ChessTests;
			productReference = 984F45212A62CE0100DE8877 /* ChessTests.xctest */;
			productType = "com.apple.product-type.bundle.unit-test";
		};
		984F452A2A62CE0100DE8877 /* ChessUITests */ = {
			isa = PBXNativeTarget;
			buildConfigurationList = 984F453B2A62CE0100DE8877 /* Build configuration list for PBXNativeTarget "ChessUITests" */;
			buildPhases = (
				984F45272A62CE0100DE8877 /* Sources */,
				984F45282A62CE0100DE8877 /* Frameworks */,
				984F45292A62CE0100DE8877 /* Resources */,
			);
			buildRules = (
			);
			dependencies = (
				984F452D2A62CE0100DE8877 /* PBXTargetDependency */,
			);
			name = ChessUITests;
			productName = ChessUITests;
			productReference = 984F452B2A62CE0100DE8877 /* ChessUITests.xctest */;
			productType = "com.apple.product-type.bundle.ui-testing";
		};
/* End PBXNativeTarget section */

/* Begin PBXProject section */
		984F45082A62CDFF00DE8877 /* Project object */ = {
			isa = PBXProject;
			attributes = {
				BuildIndependentTargetsInParallel = 1;
				LastSwiftUpdateCheck = 1410;
				LastUpgradeCheck = 1410;
				TargetAttributes = {
					984F450F2A62CDFF00DE8877 = {
						CreatedOnToolsVersion = 14.1;
					};
					984F45202A62CE0100DE8877 = {
						CreatedOnToolsVersion = 14.1;
						TestTargetID = 984F450F2A62CDFF00DE8877;
					};
					984F452A2A62CE0100DE8877 = {
						CreatedOnToolsVersion = 14.1;
						TestTargetID = 984F450F2A62CDFF00DE8877;
					};
				};
			};
			buildConfigurationList = 984F450B2A62CDFF00DE8877 /* Build configuration list for PBXProject "Chess" */;
			compatibilityVersion = "Xcode 14.0";
			developmentRegion = en;
			hasScannedForEncodings = 0;
			knownRegions = (
				en,
				Base,
			);
			mainGroup = 984F45072A62CDFF00DE8877;
			productRefGroup = 984F45112A62CDFF00DE8877 /* Products */;
			projectDirPath = "";
			projectRoot = "";
			targets = (
				984F450F2A62CDFF00DE8877 /* Chess */,
				984F45202A62CE0100DE8877 /* ChessTests */,
				984F452A2A62CE0100DE8877 /* ChessUITests */,
			);
		};
/* End PBXProject section */

/* Begin PBXResourcesBuildPhase section */
		984F450E2A62CDFF00DE8877 /* Resources */ = {
			isa = PBXResourcesBuildPhase;
			buildActionMask = 2147483647;
			files = (
				984F451B2A62CE0100DE8877 /* Preview Assets.xcassets in Resources */,
				984F45182A62CE0100DE8877 /* Assets.xcassets in Resources */,
			);
			runOnlyForDeploymentPostprocessing = 0;
		};
		984F451F2A62CE0100DE8877 /* Resources */ = {
			isa = PBXResourcesBuildPhase;
			buildActionMask = 2147483647;
			files = (
			);
			runOnlyForDeploymentPostprocessing = 0;
		};
		984F45292A62CE0100DE8877 /* Resources */ = {
			isa = PBXResourcesBuildPhase;
			buildActionMask = 2147483647;
			files = (
			);
			runOnlyForDeploymentPostprocessing = 0;
		};
/* End PBXResourcesBuildPhase section */

/* Begin PBXSourcesBuildPhase section */
		984F450C2A62CDFF00DE8877 /* Sources */ = {
			isa = PBXSourcesBuildPhase;
			buildActionMask = 2147483647;
			files = (
				984F45162A62CDFF00DE8877 /* ContentView.swift in Sources */,
				984F45142A62CDFF00DE8877 /* ChessApp.swift in Sources */,
			);
			runOnlyForDeploymentPostprocessing = 0;
		};
		984F451D2A62CE0100DE8877 /* Sources */ = {
			isa = PBXSourcesBuildPhase;
			buildActionMask = 2147483647;
			files = (
				984F45262A62CE0100DE8877 /* ChessTests.swift in Sources */,
			);
			runOnlyForDeploymentPostprocessing = 0;
		};
		984F45272A62CE0100DE8877 /* Sources */ = {
			isa = PBXSourcesBuildPhase;
			buildActionMask = 2147483647;
			files = (
				984F45302A62CE0100DE8877 /* ChessUITests.swift in Sources */,
				984F45322A62CE0100DE8877 /* ChessUITestsLaunchTests.swift in Sources */,
			);
			runOnlyForDeploymentPostprocessing = 0;
		};
/* End PBXSourcesBuildPhase section */

/* Begin PBXTargetDependency section */
		984F45232A62CE0100DE8877 /* PBXTargetDependency */ = {
			isa = PBXTargetDependency;
			target = 984F450F2A62CDFF00DE8877 /* Chess */;
			targetProxy = 984F45222A62CE0100DE8877 /* PBXContainerItemProxy */;
		};
		984F452D2A62CE0100DE8877 /* PBXTargetDependency */ = {
			isa = PBXTargetDependency;
			target = 984F450F2A62CDFF00DE8877 /* Chess */;
			targetProxy = 984F452C2A62CE0100DE8877 /* PBXContainerItemProxy */;
		};
/* End PBXTargetDependency section */

/* Begin XCBuildConfiguration section */
		984F45332A62CE0100DE8877 /* Debug */ = {
			isa = XCBuildConfiguration;
			buildSettings = {
				ALWAYS_SEARCH_USER_PATHS = NO;
				CLANG_ANALYZER_NONNULL = YES;
				CLANG_ANALYZER_NUMBER_OBJECT_CONVERSION = YES_AGGRESSIVE;
				CLANG_CXX_LANGUAGE_STANDARD = "gnu++20";
				CLANG_ENABLE_MODULES = YES;
				CLANG_ENABLE_OBJC_ARC = YES;
				CLANG_ENABLE_OBJC_WEAK = YES;
				CLANG_WARN_BLOCK_CAPTURE_AUTORELEASING = YES;
				CLANG_WARN_BOOL_CONVERSION = YES;
				CLANG_WARN_COMMA = YES;
				CLANG_WARN_CONSTANT_CONVERSION = YES;
				CLANG_WARN_DEPRECATED_OBJC_IMPLEMENTATIONS = YES;
				CLANG_WARN_DIRECT_OBJC_ISA_USAGE = YES_ERROR;
				CLANG_WARN_DOCUMENTATION_COMMENTS = YES;
				CLANG_WARN_EMPTY_BODY = YES;
				CLANG_WARN_ENUM_CONVERSION = YES;
				CLANG_WARN_INFINITE_RECURSION = YES;
				CLANG_WARN_INT_CONVERSION = YES;
				CLANG_WARN_NON_LITERAL_NULL_CONVERSION = YES;
				CLANG_WARN_OBJC_IMPLICIT_RETAIN_SELF = YES;
				CLANG_WARN_OBJC_LITERAL_CONVERSION = YES;
				CLANG_WARN_OBJC_ROOT_CLASS = YES_ERROR;
				CLANG_WARN_QUOTED_INCLUDE_IN_FRAMEWORK_HEADER = YES;
				CLANG_WARN_RANGE_LOOP_ANALYSIS = YES;
				CLANG_WARN_STRICT_PROTOTYPES = YES;
				CLANG_WARN_SUSPICIOUS_MOVE = YES;
				CLANG_WARN_UNGUARDED_AVAILABILITY = YES_AGGRESSIVE;
				CLANG_WARN_UNREACHABLE_CODE = YES;
				CLANG_WARN__DUPLICATE_METHOD_MATCH = YES;
				COPY_PHASE_STRIP = NO;
				DEBUG_INFORMATION_FORMAT = dwarf;
				ENABLE_STRICT_OBJC_MSGSEND = YES;
				ENABLE_TESTABILITY = YES;
				GCC_C_LANGUAGE_STANDARD = gnu11;
				GCC_DYNAMIC_NO_PIC = NO;
				GCC_NO_COMMON_BLOCKS = YES;
				GCC_OPTIMIZATION_LEVEL = 0;
				GCC_PREPROCESSOR_DEFINITIONS = (
					"DEBUG=1",
					"$(inherited)",
				);
				GCC_WARN_64_TO_32_BIT_CONVERSION = YES;
				GCC_WARN_ABOUT_RETURN_TYPE = YES_ERROR;
				GCC_WARN_UNDECLARED_SELECTOR = YES;
				GCC_WARN_UNINITIALIZED_AUTOS = YES_AGGRESSIVE;
				GCC_WARN_UNUSED_FUNCTION = YES;
				GCC_WARN_UNUSED_VARIABLE = YES;
				MACOSX_DEPLOYMENT_TARGET = 12.6;
				MTL_ENABLE_DEBUG_INFO = INCLUDE_SOURCE;
				MTL_FAST_MATH = YES;
				ONLY_ACTIVE_ARCH = YES;
				SDKROOT = macosx;
				SWIFT_ACTIVE_COMPILATION_CONDITIONS = DEBUG;
				SWIFT_OPTIMIZATION_LEVEL = "-Onone";
			};
			name = Debug;
		};
		984F45342A62CE0100DE8877 /* Release */ = {
			isa = XCBuildConfiguration;
			buildSettings = {
				ALWAYS_SEARCH_USER_PATHS = NO;
				CLANG_ANALYZER_NONNULL = YES;
				CLANG_ANALYZER_NUMBER_OBJECT_CONVERSION = YES_AGGRESSIVE;
				CLANG_CXX_LANGUAGE_STANDARD = "gnu++20";
				CLANG_ENABLE_MODULES = YES;
				CLANG_ENABLE_OBJC_ARC = YES;
				CLANG_ENABLE_OBJC_WEAK = YES;
				CLANG_WARN_BLOCK_CAPTURE_AUTORELEASING = YES;
				CLANG_WARN_BOOL_CONVERSION = YES;
				CLANG_WARN_COMMA = YES;
				CLANG_WARN_CONSTANT_CONVERSION = YES;
				CLANG_WARN_DEPRECATED_OBJC_IMPLEMENTATIONS = YES;
				CLANG_WARN_DIRECT_OBJC_ISA_USAGE = YES_ERROR;
				CLANG_WARN_DOCUMENTATION_COMMENTS = YES;
				CLANG_WARN_EMPTY_BODY = YES;
				CLANG_WARN_ENUM_CONVERSION = YES;
				CLANG_WARN_INFINITE_RECURSION = YES;
				CLANG_WARN_INT_CONVERSION = YES;
				CLANG_WARN_NON_LITERAL_NULL_CONVERSION = YES;
				CLANG_WARN_OBJC_IMPLICIT_RETAIN_SELF = YES;
				CLANG_WARN_OBJC_LITERAL_CONVERSION = YES;
				CLANG_WARN_OBJC_ROOT_CLASS = YES_ERROR;
				CLANG_WARN_QUOTED_INCLUDE_IN_FRAMEWORK_HEADER = YES;
				CLANG_WARN_RANGE_LOOP_ANALYSIS = YES;
				CLANG_WARN_STRICT_PROTOTYPES = YES;
				CLANG_WARN_SUSPICIOUS_MOVE = YES;
				CLANG_WARN_UNGUARDED_AVAILABILITY = YES_AGGRESSIVE;
				CLANG_WARN_UNREACHABLE_CODE = YES;
				CLANG_WARN__DUPLICATE_METHOD_MATCH = YES;
				COPY_PHASE_STRIP = NO;
				DEBUG_INFORMATION_FORMAT = "dwarf-with-dsym";
				ENABLE_NS_ASSERTIONS = NO;
				ENABLE_STRICT_OBJC_MSGSEND = YES;
				GCC_C_LANGUAGE_STANDARD = gnu11;
				GCC_NO_COMMON_BLOCKS = YES;
				GCC_WARN_64_TO_32_BIT_CONVERSION = YES;
				GCC_WARN_ABOUT_RETURN_TYPE = YES_ERROR;
				GCC_WARN_UNDECLARED_SELECTOR = YES;
				GCC_WARN_UNINITIALIZED_AUTOS = YES_AGGRESSIVE;
				GCC_WARN_UNUSED_FUNCTION = YES;
				GCC_WARN_UNUSED_VARIABLE = YES;
				MACOSX_DEPLOYMENT_TARGET = 12.6;
				MTL_ENABLE_DEBUG_INFO = NO;
				MTL_FAST_MATH = YES;
				SDKROOT = macosx;
				SWIFT_COMPILATION_MODE = wholemodule;
				SWIFT_OPTIMIZATION_LEVEL = "-O";
			};
			name = Release;
		};
		984F45362A62CE0100DE8877 /* Debug */ = {
			isa = XCBuildConfiguration;
			buildSettings = {
				ASSETCATALOG_COMPILER_APPICON_NAME = AppIcon;
				ASSETCATALOG_COMPILER_GLOBAL_ACCENT_COLOR_NAME = AccentColor;
				CODE_SIGN_ENTITLEMENTS = Chess/Chess.entitlements;
				CODE_SIGN_STYLE = Automatic;
				COMBINE_HIDPI_IMAGES = YES;
				CURRENT_PROJECT_VERSION = 1;
				DEVELOPMENT_ASSET_PATHS = "\"Chess/Preview Content\"";
				ENABLE_PREVIEWS = YES;
				GENERATE_INFOPLIST_FILE = YES;
				INFOPLIST_KEY_NSHumanReadableCopyright = "";
				LD_RUNPATH_SEARCH_PATHS = (
					"$(inherited)",
					"@executable_path/../Frameworks",
				);
				MARKETING_VERSION = 1.0;
				PRODUCT_BUNDLE_IDENTIFIER = com.harrydoan.Chess;
				PRODUCT_NAME = "$(TARGET_NAME)";
				SWIFT_EMIT_LOC_STRINGS = YES;
				SWIFT_VERSION = 5.0;
			};
			name = Debug;
		};
		984F45372A62CE0100DE8877 /* Release */ = {
			isa = XCBuildConfiguration;
			buildSettings = {
				ASSETCATALOG_COMPILER_APPICON_NAME = AppIcon;
				ASSETCATALOG_COMPILER_GLOBAL_ACCENT_COLOR_NAME = AccentColor;
				CODE_SIGN_ENTITLEMENTS = Chess/Chess.entitlements;
				CODE_SIGN_STYLE = Automatic;
				COMBINE_HIDPI_IMAGES = YES;
				CURRENT_PROJECT_VERSION = 1;
				DEVELOPMENT_ASSET_PATHS = "\"Chess/Preview Content\"";
				ENABLE_PREVIEWS = YES;
				GENERATE_INFOPLIST_FILE = YES;
				INFOPLIST_KEY_NSHumanReadableCopyright = "";
				LD_RUNPATH_SEARCH_PATHS = (
					"$(inherited)",
					"@executable_path/../Frameworks",
				);
				MARKETING_VERSION = 1.0;
				PRODUCT_BUNDLE_IDENTIFIER = com.harrydoan.Chess;
				PRODUCT_NAME = "$(TARGET_NAME)";
				SWIFT_EMIT_LOC_STRINGS = YES;
				SWIFT_VERSION = 5.0;
			};
			name = Release;
		};
		984F45392A62CE0100DE8877 /* Debug */ = {
			isa = XCBuildConfiguration;
			buildSettings = {
				ALWAYS_EMBED_SWIFT_STANDARD_LIBRARIES = YES;
				BUNDLE_LOADER = "$(TEST_HOST)";
				CODE_SIGN_STYLE = Automatic;
				CURRENT_PROJECT_VERSION = 1;
				GENERATE_INFOPLIST_FILE = YES;
				MACOSX_DEPLOYMENT_TARGET = 12.6;
				MARKETING_VERSION = 1.0;
				PRODUCT_BUNDLE_IDENTIFIER = com.harrydoan.ChessTests;
				PRODUCT_NAME = "$(TARGET_NAME)";
				SWIFT_EMIT_LOC_STRINGS = NO;
				SWIFT_VERSION = 5.0;
				TEST_HOST = "$(BUILT_PRODUCTS_DIR)/Chess.app/$(BUNDLE_EXECUTABLE_FOLDER_PATH)/Chess";
			};
			name = Debug;
		};
		984F453A2A62CE0100DE8877 /* Release */ = {
			isa = XCBuildConfiguration;
			buildSettings = {
				ALWAYS_EMBED_SWIFT_STANDARD_LIBRARIES = YES;
				BUNDLE_LOADER = "$(TEST_HOST)";
				CODE_SIGN_STYLE = Automatic;
				CURRENT_PROJECT_VERSION = 1;
				GENERATE_INFOPLIST_FILE = YES;
				MACOSX_DEPLOYMENT_TARGET = 12.6;
				MARKETING_VERSION = 1.0;
				PRODUCT_BUNDLE_IDENTIFIER = com.harrydoan.ChessTests;
				PRODUCT_NAME = "$(TARGET_NAME)";
				SWIFT_EMIT_LOC_STRINGS = NO;
				SWIFT_VERSION = 5.0;
				TEST_HOST = "$(BUILT_PRODUCTS_DIR)/Chess.app/$(BUNDLE_EXECUTABLE_FOLDER_PATH)/Chess";
			};
			name = Release;
		};
		984F453C2A62CE0100DE8877 /* Debug */ = {
			isa = XCBuildConfiguration;
			buildSettings = {
				ALWAYS_EMBED_SWIFT_STANDARD_LIBRARIES = YES;
				CODE_SIGN_STYLE = Automatic;
				CURRENT_PROJECT_VERSION = 1;
				GENERATE_INFOPLIST_FILE = YES;
				MARKETING_VERSION = 1.0;
				PRODUCT_BUNDLE_IDENTIFIER = com.harrydoan.ChessUITests;
				PRODUCT_NAME = "$(TARGET_NAME)";
				SWIFT_EMIT_LOC_STRINGS = NO;
				SWIFT_VERSION = 5.0;
				TEST_TARGET_NAME = Chess;
			};
			name = Debug;
		};
		984F453D2A62CE0100DE8877 /* Release */ = {
			isa = XCBuildConfiguration;
			buildSettings = {
				ALWAYS_EMBED_SWIFT_STANDARD_LIBRARIES = YES;
				CODE_SIGN_STYLE = Automatic;
				CURRENT_PROJECT_VERSION = 1;
				GENERATE_INFOPLIST_FILE = YES;
				MARKETING_VERSION = 1.0;
				PRODUCT_BUNDLE_IDENTIFIER = com.harrydoan.ChessUITests;
				PRODUCT_NAME = "$(TARGET_NAME)";
				SWIFT_EMIT_LOC_STRINGS = NO;
				SWIFT_VERSION = 5.0;
				TEST_TARGET_NAME = Chess;
			};
			name = Release;
		};
/* End XCBuildConfiguration section */

/* Begin XCConfigurationList section */
		984F450B2A62CDFF00DE8877 /* Build configuration list for PBXProject "Chess" */ = {
			isa = XCConfigurationList;
			buildConfigurations = (
				984F45332A62CE0100DE8877 /* Debug */,
				984F45342A62CE0100DE8877 /* Release */,
			);
			defaultConfigurationIsVisible = 0;
			defaultConfigurationName = Release;
		};
		984F45352A62CE0100DE8877 /* Build configuration list for PBXNativeTarget "Chess" */ = {
			isa = XCConfigurationList;
			buildConfigurations = (
				984F45362A62CE0100DE8877 /* Debug */,
				984F45372A62CE0100DE8877 /* Release */,
			);
			defaultConfigurationIsVisible = 0;
			defaultConfigurationName = Release;
		};
		984F45382A62CE0100DE8877 /* Build configuration list for PBXNativeTarget "ChessTests" */ = {
			isa = XCConfigurationList;
			buildConfigurations = (
				984F45392A62CE0100DE8877 /* Debug */,
				984F453A2A62CE0100DE8877 /* Release */,
			);
			defaultConfigurationIsVisible = 0;
			defaultConfigurationName = Release;
		};
		984F453B2A62CE0100DE8877 /* Build configuration list for PBXNativeTarget "ChessUITests" */ = {
			isa = XCConfigurationList;
			buildConfigurations = (
				984F453C2A62CE0100DE8877 /* Debug */,
				984F453D2A62CE0100DE8877 /* Release */,
			);
			defaultConfigurationIsVisible = 0;
			defaultConfigurationName = Release;
		};
/* End XCConfigurationList section */
	};
	rootObject = 984F45082A62CDFF00DE8877 /* Project object */;
}
